// !$*UTF8*$!
{
	archiveVersion = 1;
	classes = {
	};
	objectVersion = 56;
	objects = {

/* Begin PBXBuildFile section */
		9CDC02942B7BC0DD00F84102 /* main.cpp in Sources */ = {isa = PBXBuildFile; fileRef = 9CDC02932B7BC0DD00F84102 /* main.cpp */; };
		9CDC029C2B7BC17100F84102 /* Graph.cpp in Sources */ = {isa = PBXBuildFile; fileRef = 9CDC029B2B7BC17100F84102 /* Graph.cpp */; };
		9CDC029E2B7BC19000F84102 /* Backtracking.cpp in Sources */ = {isa = PBXBuildFile; fileRef = 9CDC029D2B7BC19000F84102 /* Backtracking.cpp */; };
		9CDC02A02B7BC1A900F84102 /* BranchAndBound.cpp in Sources */ = {isa = PBXBuildFile; fileRef = 9CDC029F2B7BC1A800F84102 /* BranchAndBound.cpp */; };
		9CDC02A22B7BC1C100F84102 /* Dijkstra.cpp in Sources */ = {isa = PBXBuildFile; fileRef = 9CDC02A12B7BC1C100F84102 /* Dijkstra.cpp */; };
		9CDC02A42B7BC1D600F84102 /* Greedy.cpp in Sources */ = {isa = PBXBuildFile; fileRef = 9CDC02A32B7BC1D600F84102 /* Greedy.cpp */; };
/* End PBXBuildFile section */

/* Begin PBXCopyFilesBuildPhase section */
		9CDC028E2B7BC0DD00F84102 /* CopyFiles */ = {
			isa = PBXCopyFilesBuildPhase;
			buildActionMask = 2147483647;
			dstPath = /usr/share/man/man1/;
			dstSubfolderSpec = 0;
			files = (
			);
			runOnlyForDeploymentPostprocessing = 1;
		};
/* End PBXCopyFilesBuildPhase section */

/* Begin PBXFileReference section */
		9CDC02902B7BC0DD00F84102 /* GraphApplication */ = {isa = PBXFileReference; explicitFileType = "compiled.mach-o.executable"; includeInIndex = 0; path = GraphApplication; sourceTree = BUILT_PRODUCTS_DIR; };
		9CDC02932B7BC0DD00F84102 /* main.cpp */ = {isa = PBXFileReference; lastKnownFileType = sourcecode.cpp.cpp; path = main.cpp; sourceTree = "<group>"; };
		9CDC029A2B7BC13800F84102 /* Graph.h */ = {isa = PBXFileReference; lastKnownFileType = sourcecode.c.h; path = Graph.h; sourceTree = "<group>"; };
		9CDC029B2B7BC17100F84102 /* Graph.cpp */ = {isa = PBXFileReference; lastKnownFileType = sourcecode.cpp.cpp; path = Graph.cpp; sourceTree = "<group>"; };
		9CDC029D2B7BC19000F84102 /* Backtracking.cpp */ = {isa = PBXFileReference; lastKnownFileType = sourcecode.cpp.cpp; path = Backtracking.cpp; sourceTree = "<group>"; };
		9CDC029F2B7BC1A800F84102 /* BranchAndBound.cpp */ = {isa = PBXFileReference; lastKnownFileType = sourcecode.cpp.cpp; path = BranchAndBound.cpp; sourceTree = "<group>"; };
		9CDC02A12B7BC1C100F84102 /* Dijkstra.cpp */ = {isa = PBXFileReference; lastKnownFileType = sourcecode.cpp.cpp; path = Dijkstra.cpp; sourceTree = "<group>"; };
		9CDC02A32B7BC1D600F84102 /* Greedy.cpp */ = {isa = PBXFileReference; lastKnownFileType = sourcecode.cpp.cpp; path = Greedy.cpp; sourceTree = "<group>"; };
		9CDC02A52B7BC1EC00F84102 /* MAtrix.h */ = {isa = PBXFileReference; lastKnownFileType = sourcecode.c.h; path = MAtrix.h; sourceTree = "<group>"; };
/* End PBXFileReference section */

/* Begin PBXFrameworksBuildPhase section */
		9CDC028D2B7BC0DD00F84102 /* Frameworks */ = {
			isa = PBXFrameworksBuildPhase;
			buildActionMask = 2147483647;
			files = (
			);
			runOnlyForDeploymentPostprocessing = 0;
		};
/* End PBXFrameworksBuildPhase section */

/* Begin PBXGroup section */
		9CDC02872B7BC0DD00F84102 = {
			isa = PBXGroup;
			children = (
				9CDC02922B7BC0DD00F84102 /* GraphApplication */,
				9CDC02912B7BC0DD00F84102 /* Products */,
			);
			sourceTree = "<group>";
		};
		9CDC02912B7BC0DD00F84102 /* Products */ = {
			isa = PBXGroup;
			children = (
				9CDC02902B7BC0DD00F84102 /* GraphApplication */,
			);
			name = Products;
			sourceTree = "<group>";
		};
		9CDC02922B7BC0DD00F84102 /* GraphApplication */ = {
			isa = PBXGroup;
			children = (
				9CDC02932B7BC0DD00F84102 /* main.cpp */,
				9CDC029A2B7BC13800F84102 /* Graph.h */,
				9CDC029B2B7BC17100F84102 /* Graph.cpp */,
				9CDC029D2B7BC19000F84102 /* Backtracking.cpp */,
				9CDC029F2B7BC1A800F84102 /* BranchAndBound.cpp */,
				9CDC02A12B7BC1C100F84102 /* Dijkstra.cpp */,
				9CDC02A32B7BC1D600F84102 /* Greedy.cpp */,
				9CDC02A52B7BC1EC00F84102 /* MAtrix.h */,
			);
			path = GraphApplication;
			sourceTree = "<group>";
		};
/* End PBXGroup section */

/* Begin PBXNativeTarget section */
		9CDC028F2B7BC0DD00F84102 /* GraphApplication */ = {
			isa = PBXNativeTarget;
			buildConfigurationList = 9CDC02972B7BC0DD00F84102 /* Build configuration list for PBXNativeTarget "GraphApplication" */;
			buildPhases = (
				9CDC028C2B7BC0DD00F84102 /* Sources */,
				9CDC028D2B7BC0DD00F84102 /* Frameworks */,
				9CDC028E2B7BC0DD00F84102 /* CopyFiles */,
			);
			buildRules = (
			);
			dependencies = (
			);
			name = GraphApplication;
			productName = GraphApplication;
			productReference = 9CDC02902B7BC0DD00F84102 /* GraphApplication */;
			productType = "com.apple.product-type.tool";
		};
/* End PBXNativeTarget section */

/* Begin PBXProject section */
		9CDC02882B7BC0DD00F84102 /* Project object */ = {
			isa = PBXProject;
			attributes = {
				BuildIndependentTargetsInParallel = 1;
				LastUpgradeCheck = 1430;
				TargetAttributes = {
					9CDC028F2B7BC0DD00F84102 = {
						CreatedOnToolsVersion = 14.3.1;
					};
				};
			};
			buildConfigurationList = 9CDC028B2B7BC0DD00F84102 /* Build configuration list for PBXProject "GraphApplication" */;
			compatibilityVersion = "Xcode 14.0";
			developmentRegion = en;
			hasScannedForEncodings = 0;
			knownRegions = (
				en,
				Base,
			);
			mainGroup = 9CDC02872B7BC0DD00F84102;
			productRefGroup = 9CDC02912B7BC0DD00F84102 /* Products */;
			projectDirPath = "";
			projectRoot = "";
			targets = (
				9CDC028F2B7BC0DD00F84102 /* GraphApplication */,
			);
		};
/* End PBXProject section */

/* Begin PBXSourcesBuildPhase section */
		9CDC028C2B7BC0DD00F84102 /* Sources */ = {
			isa = PBXSourcesBuildPhase;
			buildActionMask = 2147483647;
			files = (
				9CDC02A02B7BC1A900F84102 /* BranchAndBound.cpp in Sources */,
				9CDC02A22B7BC1C100F84102 /* Dijkstra.cpp in Sources */,
				9CDC029C2B7BC17100F84102 /* Graph.cpp in Sources */,
				9CDC02A42B7BC1D600F84102 /* Greedy.cpp in Sources */,
				9CDC029E2B7BC19000F84102 /* Backtracking.cpp in Sources */,
				9CDC02942B7BC0DD00F84102 /* main.cpp in Sources */,
			);
			runOnlyForDeploymentPostprocessing = 0;
		};
/* End PBXSourcesBuildPhase section */

/* Begin XCBuildConfiguration section */
		9CDC02952B7BC0DD00F84102 /* Debug */ = {
			isa = XCBuildConfiguration;
			buildSettings = {
				ALWAYS_SEARCH_USER_PATHS = NO;
				CLANG_ANALYZER_NONNULL = YES;
				CLANG_ANALYZER_NUMBER_OBJECT_CONVERSION = YES_AGGRESSIVE;
				CLANG_CXX_LANGUAGE_STANDARD = "gnu++20";
				CLANG_ENABLE_MODULES = YES;
				CLANG_ENABLE_OBJC_ARC = YES;
				CLANG_ENABLE_OBJC_WEAK = YES;
				CLANG_WARN_BLOCK_CAPTURE_AUTORELEASING = YES;
				CLANG_WARN_BOOL_CONVERSION = YES;
				CLANG_WARN_COMMA = YES;
				CLANG_WARN_CONSTANT_CONVERSION = YES;
				CLANG_WARN_DEPRECATED_OBJC_IMPLEMENTATIONS = YES;
				CLANG_WARN_DIRECT_OBJC_ISA_USAGE = YES_ERROR;
				CLANG_WARN_DOCUMENTATION_COMMENTS = YES;
				CLANG_WARN_EMPTY_BODY = YES;
				CLANG_WARN_ENUM_CONVERSION = YES;
				CLANG_WARN_INFINITE_RECURSION = YES;
				CLANG_WARN_INT_CONVERSION = YES;
				CLANG_WARN_NON_LITERAL_NULL_CONVERSION = YES;
				CLANG_WARN_OBJC_IMPLICIT_RETAIN_SELF = YES;
				CLANG_WARN_OBJC_LITERAL_CONVERSION = YES;
				CLANG_WARN_OBJC_ROOT_CLASS = YES_ERROR;
				CLANG_WARN_QUOTED_INCLUDE_IN_FRAMEWORK_HEADER = YES;
				CLANG_WARN_RANGE_LOOP_ANALYSIS = YES;
				CLANG_WARN_STRICT_PROTOTYPES = YES;
				CLANG_WARN_SUSPICIOUS_MOVE = YES;
				CLANG_WARN_UNGUARDED_AVAILABILITY = YES_AGGRESSIVE;
				CLANG_WARN_UNREACHABLE_CODE = YES;
				CLANG_WARN__DUPLICATE_METHOD_MATCH = YES;
				COPY_PHASE_STRIP = NO;
				DEBUG_INFORMATION_FORMAT = dwarf;
				ENABLE_STRICT_OBJC_MSGSEND = YES;
				ENABLE_TESTABILITY = YES;
				GCC_C_LANGUAGE_STANDARD = gnu11;
				GCC_DYNAMIC_NO_PIC = NO;
				GCC_NO_COMMON_BLOCKS = YES;
				GCC_OPTIMIZATION_LEVEL = 0;
				GCC_PREPROCESSOR_DEFINITIONS = (
					"DEBUG=1",
					"$(inherited)",
				);
				GCC_VERSION = /usr/local/opt/libomp/bin/clang;
				GCC_WARN_64_TO_32_BIT_CONVERSION = YES;
				GCC_WARN_ABOUT_RETURN_TYPE = YES_ERROR;
				GCC_WARN_UNDECLARED_SELECTOR = YES;
				GCC_WARN_UNINITIALIZED_AUTOS = YES_AGGRESSIVE;
				GCC_WARN_UNUSED_FUNCTION = YES;
				GCC_WARN_UNUSED_VARIABLE = YES;
				MACOSX_DEPLOYMENT_TARGET = 13.1;
				MTL_ENABLE_DEBUG_INFO = INCLUDE_SOURCE;
				MTL_FAST_MATH = YES;
				ONLY_ACTIVE_ARCH = YES;
				OTHER_CFLAGS = "";
				SDKROOT = macosx;
			};
			name = Debug;
		};
		9CDC02962B7BC0DD00F84102 /* Release */ = {
			isa = XCBuildConfiguration;
			buildSettings = {
				ALWAYS_SEARCH_USER_PATHS = NO;
				CLANG_ANALYZER_NONNULL = YES;
				CLANG_ANALYZER_NUMBER_OBJECT_CONVERSION = YES_AGGRESSIVE;
				CLANG_CXX_LANGUAGE_STANDARD = "gnu++20";
				CLANG_ENABLE_MODULES = YES;
				CLANG_ENABLE_OBJC_ARC = YES;
				CLANG_ENABLE_OBJC_WEAK = YES;
				CLANG_WARN_BLOCK_CAPTURE_AUTORELEASING = YES;
				CLANG_WARN_BOOL_CONVERSION = YES;
				CLANG_WARN_COMMA = YES;
				CLANG_WARN_CONSTANT_CONVERSION = YES;
				CLANG_WARN_DEPRECATED_OBJC_IMPLEMENTATIONS = YES;
				CLANG_WARN_DIRECT_OBJC_ISA_USAGE = YES_ERROR;
				CLANG_WARN_DOCUMENTATION_COMMENTS = YES;
				CLANG_WARN_EMPTY_BODY = YES;
				CLANG_WARN_ENUM_CONVERSION = YES;
				CLANG_WARN_INFINITE_RECURSION = YES;
				CLANG_WARN_INT_CONVERSION = YES;
				CLANG_WARN_NON_LITERAL_NULL_CONVERSION = YES;
				CLANG_WARN_OBJC_IMPLICIT_RETAIN_SELF = YES;
				CLANG_WARN_OBJC_LITERAL_CONVERSION = YES;
				CLANG_WARN_OBJC_ROOT_CLASS = YES_ERROR;
				CLANG_WARN_QUOTED_INCLUDE_IN_FRAMEWORK_HEADER = YES;
				CLANG_WARN_RANGE_LOOP_ANALYSIS = YES;
				CLANG_WARN_STRICT_PROTOTYPES = YES;
				CLANG_WARN_SUSPICIOUS_MOVE = YES;
				CLANG_WARN_UNGUARDED_AVAILABILITY = YES_AGGRESSIVE;
				CLANG_WARN_UNREACHABLE_CODE = YES;
				CLANG_WARN__DUPLICATE_METHOD_MATCH = YES;
				COPY_PHASE_STRIP = NO;
				DEBUG_INFORMATION_FORMAT = "dwarf-with-dsym";
				ENABLE_NS_ASSERTIONS = NO;
				ENABLE_STRICT_OBJC_MSGSEND = YES;
				GCC_C_LANGUAGE_STANDARD = gnu11;
				GCC_NO_COMMON_BLOCKS = YES;
				GCC_VERSION = /usr/local/opt/libomp/bin/clang;
				GCC_WARN_64_TO_32_BIT_CONVERSION = YES;
				GCC_WARN_ABOUT_RETURN_TYPE = YES_ERROR;
				GCC_WARN_UNDECLARED_SELECTOR = YES;
				GCC_WARN_UNINITIALIZED_AUTOS = YES_AGGRESSIVE;
				GCC_WARN_UNUSED_FUNCTION = YES;
				GCC_WARN_UNUSED_VARIABLE = YES;
				MACOSX_DEPLOYMENT_TARGET = 13.1;
				MTL_ENABLE_DEBUG_INFO = NO;
				MTL_FAST_MATH = YES;
				OTHER_CFLAGS = "";
				SDKROOT = macosx;
			};
			name = Release;
		};
		9CDC02982B7BC0DD00F84102 /* Debug */ = {
			isa = XCBuildConfiguration;
			buildSettings = {
				CLANG_USE_OPTIMIZATION_PROFILE = YES;
				CODE_SIGN_STYLE = Automatic;
				GCC_VERSION = "";
				HEADER_SEARCH_PATHS = /usr/local/opt/libomp/include;
				PRODUCT_NAME = "$(TARGET_NAME)";
			};
			name = Debug;
		};
		9CDC02992B7BC0DD00F84102 /* Release */ = {
			isa = XCBuildConfiguration;
			buildSettings = {
				CLANG_USE_OPTIMIZATION_PROFILE = YES;
				CODE_SIGN_STYLE = Automatic;
				GCC_VERSION = "";
				HEADER_SEARCH_PATHS = /usr/local/opt/libomp/include;
				ONLY_ACTIVE_ARCH = YES;
				PRODUCT_NAME = "$(TARGET_NAME)";
			};
			name = Release;
		};
/* End XCBuildConfiguration section */

/* Begin XCConfigurationList section */
		9CDC028B2B7BC0DD00F84102 /* Build configuration list for PBXProject "GraphApplication" */ = {
			isa = XCConfigurationList;
			buildConfigurations = (
				9CDC02952B7BC0DD00F84102 /* Debug */,
				9CDC02962B7BC0DD00F84102 /* Release */,
			);
			defaultConfigurationIsVisible = 0;
			defaultConfigurationName = Release;
		};
		9CDC02972B7BC0DD00F84102 /* Build configuration list for PBXNativeTarget "GraphApplication" */ = {
			isa = XCConfigurationList;
			buildConfigurations = (
				9CDC02982B7BC0DD00F84102 /* Debug */,
				9CDC02992B7BC0DD00F84102 /* Release */,
			);
			defaultConfigurationIsVisible = 0;
			defaultConfigurationName = Release;
		};
/* End XCConfigurationList section */
	};
	rootObject = 9CDC02882B7BC0DD00F84102 /* Project object */;
}
